// !$*UTF8*$!
{
	archiveVersion = 1;
	classes = {
	};
	objectVersion = 50;
	objects = {

/* Begin PBXBuildFile section */
		330F515B2438B81800E9C7A9 /* AppDelegate.m in Sources */ = {isa = PBXBuildFile; fileRef = 330F515A2438B81800E9C7A9 /* AppDelegate.m */; };
		330F515E2438B81800E9C7A9 /* SceneDelegate.m in Sources */ = {isa = PBXBuildFile; fileRef = 330F515D2438B81800E9C7A9 /* SceneDelegate.m */; };
		330F51662438B81C00E9C7A9 /* Assets.xcassets in Resources */ = {isa = PBXBuildFile; fileRef = 330F51652438B81C00E9C7A9 /* Assets.xcassets */; };
		330F51692438B81C00E9C7A9 /* LaunchScreen.storyboard in Resources */ = {isa = PBXBuildFile; fileRef = 330F51672438B81C00E9C7A9 /* LaunchScreen.storyboard */; };
		330F516C2438B81C00E9C7A9 /* main.m in Sources */ = {isa = PBXBuildFile; fileRef = 330F516B2438B81C00E9C7A9 /* main.m */; };
		33213A6D2439C7ED00E6BE54 /* ZHXIndexView.m in Sources */ = {isa = PBXBuildFile; fileRef = 33213A6C2439C7ED00E6BE54 /* ZHXIndexView.m */; };
		3325AE6A244219DB00189088 /* normal.jpg in Resources */ = {isa = PBXBuildFile; fileRef = 3325AE69244219DA00189088 /* normal.jpg */; };
		3325AE722442B24100189088 /* file-path.jpg in Resources */ = {isa = PBXBuildFile; fileRef = 3325AE6D2442B24100189088 /* file-path.jpg */; };
		3325AE7A24433DD800189088 /* tableview.gif in Resources */ = {isa = PBXBuildFile; fileRef = 3325AE7624433DD700189088 /* tableview.gif */; };
		3325AE7B24433DD800189088 /* noHighlightInFront.gif in Resources */ = {isa = PBXBuildFile; fileRef = 3325AE7724433DD700189088 /* noHighlightInFront.gif */; };
		3325AE7C24433DD800189088 /* normal.gif in Resources */ = {isa = PBXBuildFile; fileRef = 3325AE7824433DD800189088 /* normal.gif */; };
		3325AE7D24433DD800189088 /* basic.gif in Resources */ = {isa = PBXBuildFile; fileRef = 3325AE7924433DD800189088 /* basic.gif */; };
		335D8415243B115500F7C792 /* RootViewController.m in Sources */ = {isa = PBXBuildFile; fileRef = 335D840E243B115500F7C792 /* RootViewController.m */; };
		335D8416243B115500F7C792 /* CollectionViewController.m in Sources */ = {isa = PBXBuildFile; fileRef = 335D840F243B115500F7C792 /* CollectionViewController.m */; };
		335D8417243B115500F7C792 /* ZHXCityCollectionHeader.m in Sources */ = {isa = PBXBuildFile; fileRef = 335D8413243B115500F7C792 /* ZHXCityCollectionHeader.m */; };
		335D8418243B115500F7C792 /* ZHXCityItemCollectionCell.m in Sources */ = {isa = PBXBuildFile; fileRef = 335D8414243B115500F7C792 /* ZHXCityItemCollectionCell.m */; };
		335D841B243B118D00F7C792 /* UIColor+Extension.m in Sources */ = {isa = PBXBuildFile; fileRef = 335D841A243B118D00F7C792 /* UIColor+Extension.m */; };
		335D841E243B15DA00F7C792 /* TableViewController.m in Sources */ = {isa = PBXBuildFile; fileRef = 335D841D243B15DA00F7C792 /* TableViewController.m */; };
/* End PBXBuildFile section */

/* Begin PBXFileReference section */
		330F51562438B81800E9C7A9 /* ZHXIndexView.app */ = {isa = PBXFileReference; explicitFileType = wrapper.application; includeInIndex = 0; path = ZHXIndexView.app; sourceTree = BUILT_PRODUCTS_DIR; };
		330F51592438B81800E9C7A9 /* AppDelegate.h */ = {isa = PBXFileReference; lastKnownFileType = sourcecode.c.h; path = AppDelegate.h; sourceTree = "<group>"; };
		330F515A2438B81800E9C7A9 /* AppDelegate.m */ = {isa = PBXFileReference; lastKnownFileType = sourcecode.c.objc; path = AppDelegate.m; sourceTree = "<group>"; };
		330F515C2438B81800E9C7A9 /* SceneDelegate.h */ = {isa = PBXFileReference; lastKnownFileType = sourcecode.c.h; path = SceneDelegate.h; sourceTree = "<group>"; };
		330F515D2438B81800E9C7A9 /* SceneDelegate.m */ = {isa = PBXFileReference; lastKnownFileType = sourcecode.c.objc; path = SceneDelegate.m; sourceTree = "<group>"; };
		330F51652438B81C00E9C7A9 /* Assets.xcassets */ = {isa = PBXFileReference; lastKnownFileType = folder.assetcatalog; path = Assets.xcassets; sourceTree = "<group>"; };
		330F51682438B81C00E9C7A9 /* Base */ = {isa = PBXFileReference; lastKnownFileType = file.storyboard; name = Base; path = Base.lproj/LaunchScreen.storyboard; sourceTree = "<group>"; };
		330F516A2438B81C00E9C7A9 /* Info.plist */ = {isa = PBXFileReference; lastKnownFileType = text.plist.xml; path = Info.plist; sourceTree = "<group>"; };
		330F516B2438B81C00E9C7A9 /* main.m */ = {isa = PBXFileReference; lastKnownFileType = sourcecode.c.objc; path = main.m; sourceTree = "<group>"; };
		33213A6B2439C7ED00E6BE54 /* ZHXIndexView.h */ = {isa = PBXFileReference; lastKnownFileType = sourcecode.c.h; path = ZHXIndexView.h; sourceTree = "<group>"; };
		33213A6C2439C7ED00E6BE54 /* ZHXIndexView.m */ = {isa = PBXFileReference; lastKnownFileType = sourcecode.c.objc; path = ZHXIndexView.m; sourceTree = "<group>"; };
		3325AE69244219DA00189088 /* normal.jpg */ = {isa = PBXFileReference; lastKnownFileType = image.jpeg; path = normal.jpg; sourceTree = "<group>"; };
		3325AE6D2442B24100189088 /* file-path.jpg */ = {isa = PBXFileReference; lastKnownFileType = image.jpeg; path = "file-path.jpg"; sourceTree = "<group>"; };
		3325AE7624433DD700189088 /* tableview.gif */ = {isa = PBXFileReference; lastKnownFileType = image.gif; path = tableview.gif; sourceTree = "<group>"; };
		3325AE7724433DD700189088 /* noHighlightInFront.gif */ = {isa = PBXFileReference; lastKnownFileType = image.gif; path = noHighlightInFront.gif; sourceTree = "<group>"; };
		3325AE7824433DD800189088 /* normal.gif */ = {isa = PBXFileReference; lastKnownFileType = image.gif; path = normal.gif; sourceTree = "<group>"; };
		3325AE7924433DD800189088 /* basic.gif */ = {isa = PBXFileReference; lastKnownFileType = image.gif; path = basic.gif; sourceTree = "<group>"; };
		335D840D243B115500F7C792 /* ZHXCityItemCollectionCell.h */ = {isa = PBXFileReference; fileEncoding = 4; lastKnownFileType = sourcecode.c.h; path = ZHXCityItemCollectionCell.h; sourceTree = "<group>"; };
		335D840E243B115500F7C792 /* RootViewController.m */ = {isa = PBXFileReference; fileEncoding = 4; lastKnownFileType = sourcecode.c.objc; path = RootViewController.m; sourceTree = "<group>"; };
		335D840F243B115500F7C792 /* CollectionViewController.m */ = {isa = PBXFileReference; fileEncoding = 4; lastKnownFileType = sourcecode.c.objc; path = CollectionViewController.m; sourceTree = "<group>"; };
		335D8410243B115500F7C792 /* ZHXCityCollectionHeader.h */ = {isa = PBXFileReference; fileEncoding = 4; lastKnownFileType = sourcecode.c.h; path = ZHXCityCollectionHeader.h; sourceTree = "<group>"; };
		335D8411243B115500F7C792 /* CollectionViewController.h */ = {isa = PBXFileReference; fileEncoding = 4; lastKnownFileType = sourcecode.c.h; path = CollectionViewController.h; sourceTree = "<group>"; };
		335D8412243B115500F7C792 /* RootViewController.h */ = {isa = PBXFileReference; fileEncoding = 4; lastKnownFileType = sourcecode.c.h; path = RootViewController.h; sourceTree = "<group>"; };
		335D8413243B115500F7C792 /* ZHXCityCollectionHeader.m */ = {isa = PBXFileReference; fileEncoding = 4; lastKnownFileType = sourcecode.c.objc; path = ZHXCityCollectionHeader.m; sourceTree = "<group>"; };
		335D8414243B115500F7C792 /* ZHXCityItemCollectionCell.m */ = {isa = PBXFileReference; fileEncoding = 4; lastKnownFileType = sourcecode.c.objc; path = ZHXCityItemCollectionCell.m; sourceTree = "<group>"; };
		335D8419243B118D00F7C792 /* UIColor+Extension.h */ = {isa = PBXFileReference; fileEncoding = 4; lastKnownFileType = sourcecode.c.h; path = "UIColor+Extension.h"; sourceTree = "<group>"; };
		335D841A243B118D00F7C792 /* UIColor+Extension.m */ = {isa = PBXFileReference; fileEncoding = 4; lastKnownFileType = sourcecode.c.objc; path = "UIColor+Extension.m"; sourceTree = "<group>"; };
		335D841C243B15DA00F7C792 /* TableViewController.h */ = {isa = PBXFileReference; lastKnownFileType = sourcecode.c.h; path = TableViewController.h; sourceTree = "<group>"; };
		335D841D243B15DA00F7C792 /* TableViewController.m */ = {isa = PBXFileReference; lastKnownFileType = sourcecode.c.objc; path = TableViewController.m; sourceTree = "<group>"; };
/* End PBXFileReference section */

/* Begin PBXFrameworksBuildPhase section */
		330F51532438B81800E9C7A9 /* Frameworks */ = {
			isa = PBXFrameworksBuildPhase;
			buildActionMask = 2147483647;
			files = (
			);
			runOnlyForDeploymentPostprocessing = 0;
		};
/* End PBXFrameworksBuildPhase section */

/* Begin PBXGroup section */
		330F514D2438B81800E9C7A9 = {
			isa = PBXGroup;
			children = (
				330F51582438B81800E9C7A9 /* ZHXIndexView */,
				330F51572438B81800E9C7A9 /* Products */,
			);
			sourceTree = "<group>";
		};
		330F51572438B81800E9C7A9 /* Products */ = {
			isa = PBXGroup;
			children = (
				330F51562438B81800E9C7A9 /* ZHXIndexView.app */,
			);
			name = Products;
			sourceTree = "<group>";
		};
		330F51582438B81800E9C7A9 /* ZHXIndexView */ = {
			isa = PBXGroup;
			children = (
				3325AE682442197E00189088 /* Source */,
				33213A6A2439C7CA00E6BE54 /* ZHXIndexView */,
				330F51592438B81800E9C7A9 /* AppDelegate.h */,
				330F515A2438B81800E9C7A9 /* AppDelegate.m */,
				330F515C2438B81800E9C7A9 /* SceneDelegate.h */,
				330F515D2438B81800E9C7A9 /* SceneDelegate.m */,
				335D840C243B112100F7C792 /* Demo */,
				335D840B243B112100F7C792 /* Library */,
				330F51652438B81C00E9C7A9 /* Assets.xcassets */,
				330F51672438B81C00E9C7A9 /* LaunchScreen.storyboard */,
				330F516A2438B81C00E9C7A9 /* Info.plist */,
				330F516B2438B81C00E9C7A9 /* main.m */,
			);
			path = ZHXIndexView;
			sourceTree = "<group>";
		};
		33213A6A2439C7CA00E6BE54 /* ZHXIndexView */ = {
			isa = PBXGroup;
			children = (
				33213A6B2439C7ED00E6BE54 /* ZHXIndexView.h */,
				33213A6C2439C7ED00E6BE54 /* ZHXIndexView.m */,
			);
			path = ZHXIndexView;
			sourceTree = "<group>";
		};
		3325AE682442197E00189088 /* Source */ = {
			isa = PBXGroup;
			children = (
				3325AE7924433DD800189088 /* basic.gif */,
				3325AE7724433DD700189088 /* noHighlightInFront.gif */,
				3325AE7824433DD800189088 /* normal.gif */,
				3325AE7624433DD700189088 /* tableview.gif */,
				3325AE69244219DA00189088 /* normal.jpg */,
				3325AE6D2442B24100189088 /* file-path.jpg */,
			);
			path = Source;
			sourceTree = "<group>";
		};
		335D840B243B112100F7C792 /* Library */ = {
			isa = PBXGroup;
			children = (
				335D8419243B118D00F7C792 /* UIColor+Extension.h */,
				335D841A243B118D00F7C792 /* UIColor+Extension.m */,
			);
			path = Library;
			sourceTree = "<group>";
		};
		335D840C243B112100F7C792 /* Demo */ = {
			isa = PBXGroup;
			children = (
				335D8412243B115500F7C792 /* RootViewController.h */,
				335D840E243B115500F7C792 /* RootViewController.m */,
				335D8411243B115500F7C792 /* CollectionViewController.h */,
				335D840F243B115500F7C792 /* CollectionViewController.m */,
				335D841C243B15DA00F7C792 /* TableViewController.h */,
				335D841D243B15DA00F7C792 /* TableViewController.m */,
				335D8410243B115500F7C792 /* ZHXCityCollectionHeader.h */,
				335D8413243B115500F7C792 /* ZHXCityCollectionHeader.m */,
				335D840D243B115500F7C792 /* ZHXCityItemCollectionCell.h */,
				335D8414243B115500F7C792 /* ZHXCityItemCollectionCell.m */,
			);
			path = Demo;
			sourceTree = "<group>";
		};
/* End PBXGroup section */

/* Begin PBXNativeTarget section */
		330F51552438B81800E9C7A9 /* ZHXIndexView */ = {
			isa = PBXNativeTarget;
			buildConfigurationList = 330F516F2438B81C00E9C7A9 /* Build configuration list for PBXNativeTarget "ZHXIndexView" */;
			buildPhases = (
				330F51522438B81800E9C7A9 /* Sources */,
				330F51532438B81800E9C7A9 /* Frameworks */,
				330F51542438B81800E9C7A9 /* Resources */,
			);
			buildRules = (
			);
			dependencies = (
			);
			name = ZHXIndexView;
			productName = ZHXIndexView;
			productReference = 330F51562438B81800E9C7A9 /* ZHXIndexView.app */;
			productType = "com.apple.product-type.application";
		};
/* End PBXNativeTarget section */

/* Begin PBXProject section */
		330F514E2438B81800E9C7A9 /* Project object */ = {
			isa = PBXProject;
			attributes = {
				LastUpgradeCheck = 1130;
				ORGANIZATIONNAME = "张玺";
				TargetAttributes = {
					330F51552438B81800E9C7A9 = {
						CreatedOnToolsVersion = 11.3.1;
					};
				};
			};
			buildConfigurationList = 330F51512438B81800E9C7A9 /* Build configuration list for PBXProject "ZHXIndexView" */;
			compatibilityVersion = "Xcode 9.3";
			developmentRegion = en;
			hasScannedForEncodings = 0;
			knownRegions = (
				en,
				Base,
			);
			mainGroup = 330F514D2438B81800E9C7A9;
			productRefGroup = 330F51572438B81800E9C7A9 /* Products */;
			projectDirPath = "";
			projectRoot = "";
			targets = (
				330F51552438B81800E9C7A9 /* ZHXIndexView */,
			);
		};
/* End PBXProject section */

/* Begin PBXResourcesBuildPhase section */
		330F51542438B81800E9C7A9 /* Resources */ = {
			isa = PBXResourcesBuildPhase;
			buildActionMask = 2147483647;
			files = (
				330F51692438B81C00E9C7A9 /* LaunchScreen.storyboard in Resources */,
				3325AE7A24433DD800189088 /* tableview.gif in Resources */,
				3325AE722442B24100189088 /* file-path.jpg in Resources */,
				3325AE7C24433DD800189088 /* normal.gif in Resources */,
				3325AE7B24433DD800189088 /* noHighlightInFront.gif in Resources */,
				330F51662438B81C00E9C7A9 /* Assets.xcassets in Resources */,
				3325AE6A244219DB00189088 /* normal.jpg in Resources */,
				3325AE7D24433DD800189088 /* basic.gif in Resources */,
			);
			runOnlyForDeploymentPostprocessing = 0;
		};
/* End PBXResourcesBuildPhase section */

/* Begin PBXSourcesBuildPhase section */
		330F51522438B81800E9C7A9 /* Sources */ = {
			isa = PBXSourcesBuildPhase;
			buildActionMask = 2147483647;
			files = (
				335D8416243B115500F7C792 /* CollectionViewController.m in Sources */,
				330F515B2438B81800E9C7A9 /* AppDelegate.m in Sources */,
				335D8418243B115500F7C792 /* ZHXCityItemCollectionCell.m in Sources */,
				335D841E243B15DA00F7C792 /* TableViewController.m in Sources */,
				335D8415243B115500F7C792 /* RootViewController.m in Sources */,
				335D841B243B118D00F7C792 /* UIColor+Extension.m in Sources */,
				335D8417243B115500F7C792 /* ZHXCityCollectionHeader.m in Sources */,
				330F516C2438B81C00E9C7A9 /* main.m in Sources */,
				33213A6D2439C7ED00E6BE54 /* ZHXIndexView.m in Sources */,
				330F515E2438B81800E9C7A9 /* SceneDelegate.m in Sources */,
			);
			runOnlyForDeploymentPostprocessing = 0;
		};
/* End PBXSourcesBuildPhase section */

/* Begin PBXVariantGroup section */
		330F51672438B81C00E9C7A9 /* LaunchScreen.storyboard */ = {
			isa = PBXVariantGroup;
			children = (
				330F51682438B81C00E9C7A9 /* Base */,
			);
			name = LaunchScreen.storyboard;
			sourceTree = "<group>";
		};
/* End PBXVariantGroup section */

/* Begin XCBuildConfiguration section */
		330F516D2438B81C00E9C7A9 /* Debug */ = {
			isa = XCBuildConfiguration;
			buildSettings = {
				ALWAYS_SEARCH_USER_PATHS = NO;
				CLANG_ANALYZER_NONNULL = YES;
				CLANG_ANALYZER_NUMBER_OBJECT_CONVERSION = YES_AGGRESSIVE;
				CLANG_CXX_LANGUAGE_STANDARD = "gnu++14";
				CLANG_CXX_LIBRARY = "libc++";
				CLANG_ENABLE_MODULES = YES;
				CLANG_ENABLE_OBJC_ARC = YES;
				CLANG_ENABLE_OBJC_WEAK = YES;
				CLANG_WARN_BLOCK_CAPTURE_AUTORELEASING = YES;
				CLANG_WARN_BOOL_CONVERSION = YES;
				CLANG_WARN_COMMA = YES;
				CLANG_WARN_CONSTANT_CONVERSION = YES;
				CLANG_WARN_DEPRECATED_OBJC_IMPLEMENTATIONS = YES;
				CLANG_WARN_DIRECT_OBJC_ISA_USAGE = YES_ERROR;
				CLANG_WARN_DOCUMENTATION_COMMENTS = YES;
				CLANG_WARN_EMPTY_BODY = YES;
				CLANG_WARN_ENUM_CONVERSION = YES;
				CLANG_WARN_INFINITE_RECURSION = YES;
				CLANG_WARN_INT_CONVERSION = YES;
				CLANG_WARN_NON_LITERAL_NULL_CONVERSION = YES;
				CLANG_WARN_OBJC_IMPLICIT_RETAIN_SELF = YES;
				CLANG_WARN_OBJC_LITERAL_CONVERSION = YES;
				CLANG_WARN_OBJC_ROOT_CLASS = YES_ERROR;
				CLANG_WARN_RANGE_LOOP_ANALYSIS = YES;
				CLANG_WARN_STRICT_PROTOTYPES = YES;
				CLANG_WARN_SUSPICIOUS_MOVE = YES;
				CLANG_WARN_UNGUARDED_AVAILABILITY = YES_AGGRESSIVE;
				CLANG_WARN_UNREACHABLE_CODE = YES;
				CLANG_WARN__DUPLICATE_METHOD_MATCH = YES;
				COPY_PHASE_STRIP = NO;
				DEBUG_INFORMATION_FORMAT = dwarf;
				ENABLE_STRICT_OBJC_MSGSEND = YES;
				ENABLE_TESTABILITY = YES;
				GCC_C_LANGUAGE_STANDARD = gnu11;
				GCC_DYNAMIC_NO_PIC = NO;
				GCC_NO_COMMON_BLOCKS = YES;
				GCC_OPTIMIZATION_LEVEL = 0;
				GCC_PREPROCESSOR_DEFINITIONS = (
					"DEBUG=1",
					"$(inherited)",
				);
				GCC_WARN_64_TO_32_BIT_CONVERSION = YES;
				GCC_WARN_ABOUT_RETURN_TYPE = YES_ERROR;
				GCC_WARN_UNDECLARED_SELECTOR = YES;
				GCC_WARN_UNINITIALIZED_AUTOS = YES_AGGRESSIVE;
				GCC_WARN_UNUSED_FUNCTION = YES;
				GCC_WARN_UNUSED_VARIABLE = YES;
				IPHONEOS_DEPLOYMENT_TARGET = 13.2;
				MTL_ENABLE_DEBUG_INFO = INCLUDE_SOURCE;
				MTL_FAST_MATH = YES;
				ONLY_ACTIVE_ARCH = YES;
				SDKROOT = iphoneos;
			};
			name = Debug;
		};
		330F516E2438B81C00E9C7A9 /* Release */ = {
			isa = XCBuildConfiguration;
			buildSettings = {
				ALWAYS_SEARCH_USER_PATHS = NO;
				CLANG_ANALYZER_NONNULL = YES;
				CLANG_ANALYZER_NUMBER_OBJECT_CONVERSION = YES_AGGRESSIVE;
				CLANG_CXX_LANGUAGE_STANDARD = "gnu++14";
				CLANG_CXX_LIBRARY = "libc++";
				CLANG_ENABLE_MODULES = YES;
				CLANG_ENABLE_OBJC_ARC = YES;
				CLANG_ENABLE_OBJC_WEAK = YES;
				CLANG_WARN_BLOCK_CAPTURE_AUTORELEASING = YES;
				CLANG_WARN_BOOL_CONVERSION = YES;
				CLANG_WARN_COMMA = YES;
				CLANG_WARN_CONSTANT_CONVERSION = YES;
				CLANG_WARN_DEPRECATED_OBJC_IMPLEMENTATIONS = YES;
				CLANG_WARN_DIRECT_OBJC_ISA_USAGE = YES_ERROR;
				CLANG_WARN_DOCUMENTATION_COMMENTS = YES;
				CLANG_WARN_EMPTY_BODY = YES;
				CLANG_WARN_ENUM_CONVERSION = YES;
				CLANG_WARN_INFINITE_RECURSION = YES;
				CLANG_WARN_INT_CONVERSION = YES;
				CLANG_WARN_NON_LITERAL_NULL_CONVERSION = YES;
				CLANG_WARN_OBJC_IMPLICIT_RETAIN_SELF = YES;
				CLANG_WARN_OBJC_LITERAL_CONVERSION = YES;
				CLANG_WARN_OBJC_ROOT_CLASS = YES_ERROR;
				CLANG_WARN_RANGE_LOOP_ANALYSIS = YES;
				CLANG_WARN_STRICT_PROTOTYPES = YES;
				CLANG_WARN_SUSPICIOUS_MOVE = YES;
				CLANG_WARN_UNGUARDED_AVAILABILITY = YES_AGGRESSIVE;
				CLANG_WARN_UNREACHABLE_CODE = YES;
				CLANG_WARN__DUPLICATE_METHOD_MATCH = YES;
				COPY_PHASE_STRIP = NO;
				DEBUG_INFORMATION_FORMAT = "dwarf-with-dsym";
				ENABLE_NS_ASSERTIONS = NO;
				ENABLE_STRICT_OBJC_MSGSEND = YES;
				GCC_C_LANGUAGE_STANDARD = gnu11;
				GCC_NO_COMMON_BLOCKS = YES;
				GCC_WARN_64_TO_32_BIT_CONVERSION = YES;
				GCC_WARN_ABOUT_RETURN_TYPE = YES_ERROR;
				GCC_WARN_UNDECLARED_SELECTOR = YES;
				GCC_WARN_UNINITIALIZED_AUTOS = YES_AGGRESSIVE;
				GCC_WARN_UNUSED_FUNCTION = YES;
				GCC_WARN_UNUSED_VARIABLE = YES;
				IPHONEOS_DEPLOYMENT_TARGET = 13.2;
				MTL_ENABLE_DEBUG_INFO = NO;
				MTL_FAST_MATH = YES;
				SDKROOT = iphoneos;
				VALIDATE_PRODUCT = YES;
			};
			name = Release;
		};
		330F51702438B81C00E9C7A9 /* Debug */ = {
			isa = XCBuildConfiguration;
			buildSettings = {
				ASSETCATALOG_COMPILER_APPICON_NAME = AppIcon;
				CODE_SIGN_STYLE = Automatic;
				DEVELOPMENT_TEAM = MS8TX68Z59;
				INFOPLIST_FILE = ZHXIndexView/Info.plist;
				LD_RUNPATH_SEARCH_PATHS = (
					"$(inherited)",
					"@executable_path/Frameworks",
				);
				PRODUCT_BUNDLE_IDENTIFIER = www.zx.com.ZHXIndexView;
				PRODUCT_NAME = "$(TARGET_NAME)";
				TARGETED_DEVICE_FAMILY = "1,2";
			};
			name = Debug;
		};
		330F51712438B81C00E9C7A9 /* Release */ = {
			isa = XCBuildConfiguration;
			buildSettings = {
				ASSETCATALOG_COMPILER_APPICON_NAME = AppIcon;
				CODE_SIGN_STYLE = Automatic;
				DEVELOPMENT_TEAM = MS8TX68Z59;
				INFOPLIST_FILE = ZHXIndexView/Info.plist;
				LD_RUNPATH_SEARCH_PATHS = (
					"$(inherited)",
					"@executable_path/Frameworks",
				);
				PRODUCT_BUNDLE_IDENTIFIER = www.zx.com.ZHXIndexView;
				PRODUCT_NAME = "$(TARGET_NAME)";
				TARGETED_DEVICE_FAMILY = "1,2";
			};
			name = Release;
		};
/* End XCBuildConfiguration section */

/* Begin XCConfigurationList section */
		330F51512438B81800E9C7A9 /* Build configuration list for PBXProject "ZHXIndexView" */ = {
			isa = XCConfigurationList;
			buildConfigurations = (
				330F516D2438B81C00E9C7A9 /* Debug */,
				330F516E2438B81C00E9C7A9 /* Release */,
			);
			defaultConfigurationIsVisible = 0;
			defaultConfigurationName = Release;
		};
		330F516F2438B81C00E9C7A9 /* Build configuration list for PBXNativeTarget "ZHXIndexView" */ = {
			isa = XCConfigurationList;
			buildConfigurations = (
				330F51702438B81C00E9C7A9 /* Debug */,
				330F51712438B81C00E9C7A9 /* Release */,
			);
			defaultConfigurationIsVisible = 0;
			defaultConfigurationName = Release;
		};
/* End XCConfigurationList section */
	};
	rootObject = 330F514E2438B81800E9C7A9 /* Project object */;
}
